{
  "name": "ats-threadpool",
  "version": "1.0.0",
  "lockfileVersion": 1,
  "requires": true,
  "dependencies": {
    "ats-channel": {
      "version": "git+http://ubuntu-netfu.lan:3000/randy.valis/ats-channel.git#2f4c622ba08b3a12b1506dac96f27e1c8fbe6334",
      "from": "git+http://ubuntu-netfu.lan:3000/randy.valis/ats-channel.git"
    },
    "shared_vt": {
      "version": "git+http://ubuntu-netfu.lan:3000/randy.valis/shared_vt.git#2a1263615f7c5469fe29621b21d8d3163b9bfe18",
      "from": "git+http://ubuntu-netfu.lan:3000/randy.valis/shared_vt.git"
    }
  }
}
