{
  "name": "ats-threadpool",
  "version": "1.0.0",
  "lockfileVersion": 1,
  "requires": true,
  "dependencies": {
    "ats-channel": {
      "version": "git+https://github.com/xran-deex/ats-channel.git#797c35b40065320e4d181c1dd14ba4bee610d9bf",
      "from": "git+https://github.com/xran-deex/ats-channel.git#v0.1.0"
    },
    "shared_vt": {
      "version": "git+https://github.com/xran-deex/ats-shared-vt.git#f59af3bb9a07c1d1c4287aa41dee551e80ff68ba",
      "from": "git+https://github.com/xran-deex/ats-shared-vt.git#v0.1.0"
    }
  }
}
